# THIS IS AN AUTOGENERATED FILE. DO NOT EDIT THIS FILE DIRECTLY.
# yarn lockfile v1


inkjs@^1.11.0:
  version "1.11.0"
  resolved "https://registry.yarnpkg.com/inkjs/-/inkjs-1.11.0.tgz#4293cd843371c147b75968760d1a03525e740763"
  integrity sha512-mfXi2118gai0vp7ME8m1l0+rv66KDQlc3jXhfL4vryYVR+BhmxKAvs21N1O4qoUtvZ9fYrGJe5TJ0Smf3giSfQ==
